# THIS IS AN AUTOGENERATED FILE. DO NOT EDIT THIS FILE DIRECTLY.
# yarn lockfile v1


"@playwright/test@^1.38.1":
  version "1.38.1"
  resolved "https://registry.yarnpkg.com/@playwright/test/-/test-1.38.1.tgz#8ef4263e355cd1d8ad7905d471d268e8acb82ed6"
  integrity sha512-NqRp8XMwj3AK+zKLbZShl0r/9wKgzqI/527bkptKXomtuo+dOjU9NdMASQ8DNC9z9zLOMbG53T4eihYr3XR+BQ==
  dependencies:
    playwright "1.38.1"

"@types/node@^20.8.2":
  version "20.8.2"
  resolved "https://registry.yarnpkg.com/@types/node/-/node-20.8.2.tgz#d76fb80d87d0d8abfe334fc6d292e83e5524efc4"
  integrity sha512-Vvycsc9FQdwhxE3y3DzeIxuEJbWGDsnrxvMADzTDF/lcdR9/K+AQIeAghTQsHtotg/q0j3WEOYS/jQgSdWue3w==

fsevents@2.3.2:
  version "2.3.2"
  resolved "https://registry.yarnpkg.com/fsevents/-/fsevents-2.3.2.tgz#8a526f78b8fdf4623b709e0b975c52c24c02fd1a"
  integrity sha512-xiqMQR4xAeHTuB9uWm+fFRcIOgKBMiOBP+eXiyT7jsgVCq1bkVygt00oASowB7EdtpOHaaPgKt812P9ab+DDKA==

playwright-core@1.38.1:
  version "1.38.1"
  resolved "https://registry.yarnpkg.com/playwright-core/-/playwright-core-1.38.1.tgz#75a3c470aa9576b7d7c4e274de3d79977448ba08"
  integrity sha512-tQqNFUKa3OfMf4b2jQ7aGLB8o9bS3bOY0yMEtldtC2+spf8QXG9zvXLTXUeRsoNuxEYMgLYR+NXfAa1rjKRcrg==

playwright@1.38.1:
  version "1.38.1"
  resolved "https://registry.yarnpkg.com/playwright/-/playwright-1.38.1.tgz#82ecd9bc4f4f64dbeee8a11c31793748e2528130"
  integrity sha512-oRMSJmZrOu1FP5iu3UrCx8JEFRIMxLDM0c/3o4bpzU5Tz97BypefWf7TuTNPWeCe279TPal5RtPPZ+9lW/Qkow==
  dependencies:
    playwright-core "1.38.1"
  optionalDependencies:
    fsevents "2.3.2"
